
Microsoft Visual Studio Solution File, Format Version 12.00
# Visual Studio Version 16
VisualStudioVersion = 16.0.29905.134
MinimumVisualStudioVersion = 10.0.40219.1
Project("{9A19103F-16F7-4668-BE54-9A1E7A4F7556}") = "PrismApp", "PrismApp\PrismApp\PrismApp.csproj", "{FC7C9062-32AD-43DE-AB28-10D8289591BC}"
EndProject
Project("{FAE04EC0-301F-11D3-BF4B-00C04F79EFBC}") = "PrismApp.Android", "PrismApp\PrismApp.Android\PrismApp.Android.csproj", "{C8AD5E94-5EA2-4FCB-9AC4-A5EE05BE55FB}"
EndProject
Project("{9A19103F-16F7-4668-BE54-9A1E7A4F7556}") = "PrismApp.Tests", "PrismApp.Tests\PrismApp.Tests.csproj", "{78312419-EF3A-41EE-BBDA-9F384BEBF4E5}"
EndProject
Project("{FAE04EC0-301F-11D3-BF4B-00C04F79EFBC}") = "UnitTesting", "UnitTesting\UnitTesting.csproj", "{99C4CE04-F193-4842-967D-E2FE0A50A3B6}"
EndProject
Global
	GlobalSection(SolutionConfigurationPlatforms) = preSolution
		Debug|Any CPU = Debug|Any CPU
		Release|Any CPU = Release|Any CPU
	EndGlobalSection
	GlobalSection(ProjectConfigurationPlatforms) = postSolution
		{FC7C9062-32AD-43DE-AB28-10D8289591BC}.Debug|Any CPU.ActiveCfg = Debug|Any CPU
		{FC7C9062-32AD-43DE-AB28-10D8289591BC}.Debug|Any CPU.Build.0 = Debug|Any CPU
		{FC7C9062-32AD-43DE-AB28-10D8289591BC}.Release|Any CPU.ActiveCfg = Release|Any CPU
		{FC7C9062-32AD-43DE-AB28-10D8289591BC}.Release|Any CPU.Build.0 = Release|Any CPU
		{C8AD5E94-5EA2-4FCB-9AC4-A5EE05BE55FB}.Debug|Any CPU.ActiveCfg = Debug|Any CPU
		{C8AD5E94-5EA2-4FCB-9AC4-A5EE05BE55FB}.Debug|Any CPU.Build.0 = Debug|Any CPU
		{C8AD5E94-5EA2-4FCB-9AC4-A5EE05BE55FB}.Debug|Any CPU.Deploy.0 = Debug|Any CPU
		{C8AD5E94-5EA2-4FCB-9AC4-A5EE05BE55FB}.Release|Any CPU.ActiveCfg = Release|Any CPU
		{C8AD5E94-5EA2-4FCB-9AC4-A5EE05BE55FB}.Release|Any CPU.Build.0 = Release|Any CPU
		{C8AD5E94-5EA2-4FCB-9AC4-A5EE05BE55FB}.Release|Any CPU.Deploy.0 = Release|Any CPU
		{78312419-EF3A-41EE-BBDA-9F384BEBF4E5}.Debug|Any CPU.ActiveCfg = Debug|Any CPU
		{78312419-EF3A-41EE-BBDA-9F384BEBF4E5}.Debug|Any CPU.Build.0 = Debug|Any CPU
		{78312419-EF3A-41EE-BBDA-9F384BEBF4E5}.Release|Any CPU.ActiveCfg = Release|Any CPU
		{78312419-EF3A-41EE-BBDA-9F384BEBF4E5}.Release|Any CPU.Build.0 = Release|Any CPU
		{99C4CE04-F193-4842-967D-E2FE0A50A3B6}.Debug|Any CPU.ActiveCfg = Debug|Any CPU
		{99C4CE04-F193-4842-967D-E2FE0A50A3B6}.Debug|Any CPU.Build.0 = Debug|Any CPU
		{99C4CE04-F193-4842-967D-E2FE0A50A3B6}.Release|Any CPU.ActiveCfg = Release|Any CPU
		{99C4CE04-F193-4842-967D-E2FE0A50A3B6}.Release|Any CPU.Build.0 = Release|Any CPU
	EndGlobalSection
	GlobalSection(SolutionProperties) = preSolution
		HideSolutionNode = FALSE
	EndGlobalSection
	GlobalSection(ExtensibilityGlobals) = postSolution
		SolutionGuid = {9FDB20C4-E8A5-4703-9A44-251D4396478B}
	EndGlobalSection
EndGlobal
