
Microsoft Visual Studio Solution File, Format Version 12.00
# Visual Studio Version 16
VisualStudioVersion = 16.0.29806.167
MinimumVisualStudioVersion = 10.0.40219.1
Project("{FAE04EC0-301F-11D3-BF4B-00C04F79EFBC}") = "WeatherTracker.Android", "WeatherTracker\WeatherTracker.Android\WeatherTracker.Android.csproj", "{40F3BE8B-66F1-4E8C-A077-43434502C9B7}"
EndProject
Project("{FAE04EC0-301F-11D3-BF4B-00C04F79EFBC}") = "WeatherTracker.iOS", "WeatherTracker\WeatherTracker.iOS\WeatherTracker.iOS.csproj", "{493B5EF6-38BA-45F2-A752-326327B6DD42}"
EndProject
Project("{FAE04EC0-301F-11D3-BF4B-00C04F79EFBC}") = "WeatherTracker", "WeatherTracker\WeatherTracker\WeatherTracker.csproj", "{04EADA35-2692-4A52-944A-79B2CD8C9F6E}"
EndProject
Global
	GlobalSection(SolutionConfigurationPlatforms) = preSolution
		Debug|Any CPU = Debug|Any CPU
		Debug|iPhone = Debug|iPhone
		Debug|iPhoneSimulator = Debug|iPhoneSimulator
		Release|Any CPU = Release|Any CPU
		Release|iPhone = Release|iPhone
		Release|iPhoneSimulator = Release|iPhoneSimulator
	EndGlobalSection
	GlobalSection(ProjectConfigurationPlatforms) = postSolution
		{40F3BE8B-66F1-4E8C-A077-43434502C9B7}.Debug|Any CPU.ActiveCfg = Debug|Any CPU
		{40F3BE8B-66F1-4E8C-A077-43434502C9B7}.Debug|Any CPU.Build.0 = Debug|Any CPU
		{40F3BE8B-66F1-4E8C-A077-43434502C9B7}.Debug|Any CPU.Deploy.0 = Debug|Any CPU
		{40F3BE8B-66F1-4E8C-A077-43434502C9B7}.Debug|iPhone.ActiveCfg = Debug|Any CPU
		{40F3BE8B-66F1-4E8C-A077-43434502C9B7}.Debug|iPhone.Build.0 = Debug|Any CPU
		{40F3BE8B-66F1-4E8C-A077-43434502C9B7}.Debug|iPhone.Deploy.0 = Debug|Any CPU
		{40F3BE8B-66F1-4E8C-A077-43434502C9B7}.Debug|iPhoneSimulator.ActiveCfg = Debug|Any CPU
		{40F3BE8B-66F1-4E8C-A077-43434502C9B7}.Debug|iPhoneSimulator.Build.0 = Debug|Any CPU
		{40F3BE8B-66F1-4E8C-A077-43434502C9B7}.Debug|iPhoneSimulator.Deploy.0 = Debug|Any CPU
		{40F3BE8B-66F1-4E8C-A077-43434502C9B7}.Release|Any CPU.ActiveCfg = Release|Any CPU
		{40F3BE8B-66F1-4E8C-A077-43434502C9B7}.Release|Any CPU.Build.0 = Release|Any CPU
		{40F3BE8B-66F1-4E8C-A077-43434502C9B7}.Release|Any CPU.Deploy.0 = Release|Any CPU
		{40F3BE8B-66F1-4E8C-A077-43434502C9B7}.Release|iPhone.ActiveCfg = Release|Any CPU
		{40F3BE8B-66F1-4E8C-A077-43434502C9B7}.Release|iPhone.Build.0 = Release|Any CPU
		{40F3BE8B-66F1-4E8C-A077-43434502C9B7}.Release|iPhone.Deploy.0 = Release|Any CPU
		{40F3BE8B-66F1-4E8C-A077-43434502C9B7}.Release|iPhoneSimulator.ActiveCfg = Release|Any CPU
		{40F3BE8B-66F1-4E8C-A077-43434502C9B7}.Release|iPhoneSimulator.Build.0 = Release|Any CPU
		{40F3BE8B-66F1-4E8C-A077-43434502C9B7}.Release|iPhoneSimulator.Deploy.0 = Release|Any CPU
		{493B5EF6-38BA-45F2-A752-326327B6DD42}.Debug|Any CPU.ActiveCfg = Debug|iPhoneSimulator
		{493B5EF6-38BA-45F2-A752-326327B6DD42}.Debug|Any CPU.Build.0 = Debug|iPhoneSimulator
		{493B5EF6-38BA-45F2-A752-326327B6DD42}.Debug|Any CPU.Deploy.0 = Debug|iPhoneSimulator
		{493B5EF6-38BA-45F2-A752-326327B6DD42}.Debug|iPhone.ActiveCfg = Debug|iPhone
		{493B5EF6-38BA-45F2-A752-326327B6DD42}.Debug|iPhone.Build.0 = Debug|iPhone
		{493B5EF6-38BA-45F2-A752-326327B6DD42}.Debug|iPhone.Deploy.0 = Debug|iPhone
		{493B5EF6-38BA-45F2-A752-326327B6DD42}.Debug|iPhoneSimulator.ActiveCfg = Debug|iPhoneSimulator
		{493B5EF6-38BA-45F2-A752-326327B6DD42}.Debug|iPhoneSimulator.Build.0 = Debug|iPhoneSimulator
		{493B5EF6-38BA-45F2-A752-326327B6DD42}.Debug|iPhoneSimulator.Deploy.0 = Debug|iPhoneSimulator
		{493B5EF6-38BA-45F2-A752-326327B6DD42}.Release|Any CPU.ActiveCfg = Release|iPhone
		{493B5EF6-38BA-45F2-A752-326327B6DD42}.Release|Any CPU.Build.0 = Release|iPhone
		{493B5EF6-38BA-45F2-A752-326327B6DD42}.Release|Any CPU.Deploy.0 = Release|iPhone
		{493B5EF6-38BA-45F2-A752-326327B6DD42}.Release|iPhone.ActiveCfg = Release|iPhone
		{493B5EF6-38BA-45F2-A752-326327B6DD42}.Release|iPhone.Build.0 = Release|iPhone
		{493B5EF6-38BA-45F2-A752-326327B6DD42}.Release|iPhone.Deploy.0 = Release|iPhone
		{493B5EF6-38BA-45F2-A752-326327B6DD42}.Release|iPhoneSimulator.ActiveCfg = Release|iPhoneSimulator
		{493B5EF6-38BA-45F2-A752-326327B6DD42}.Release|iPhoneSimulator.Build.0 = Release|iPhoneSimulator
		{493B5EF6-38BA-45F2-A752-326327B6DD42}.Release|iPhoneSimulator.Deploy.0 = Release|iPhoneSimulator
		{04EADA35-2692-4A52-944A-79B2CD8C9F6E}.Debug|Any CPU.ActiveCfg = Debug|Any CPU
		{04EADA35-2692-4A52-944A-79B2CD8C9F6E}.Debug|Any CPU.Build.0 = Debug|Any CPU
		{04EADA35-2692-4A52-944A-79B2CD8C9F6E}.Debug|Any CPU.Deploy.0 = Debug|Any CPU
		{04EADA35-2692-4A52-944A-79B2CD8C9F6E}.Debug|iPhone.ActiveCfg = Debug|Any CPU
		{04EADA35-2692-4A52-944A-79B2CD8C9F6E}.Debug|iPhone.Build.0 = Debug|Any CPU
		{04EADA35-2692-4A52-944A-79B2CD8C9F6E}.Debug|iPhone.Deploy.0 = Debug|Any CPU
		{04EADA35-2692-4A52-944A-79B2CD8C9F6E}.Debug|iPhoneSimulator.ActiveCfg = Debug|Any CPU
		{04EADA35-2692-4A52-944A-79B2CD8C9F6E}.Debug|iPhoneSimulator.Build.0 = Debug|Any CPU
		{04EADA35-2692-4A52-944A-79B2CD8C9F6E}.Debug|iPhoneSimulator.Deploy.0 = Debug|Any CPU
		{04EADA35-2692-4A52-944A-79B2CD8C9F6E}.Release|Any CPU.ActiveCfg = Release|Any CPU
		{04EADA35-2692-4A52-944A-79B2CD8C9F6E}.Release|Any CPU.Build.0 = Release|Any CPU
		{04EADA35-2692-4A52-944A-79B2CD8C9F6E}.Release|Any CPU.Deploy.0 = Release|Any CPU
		{04EADA35-2692-4A52-944A-79B2CD8C9F6E}.Release|iPhone.ActiveCfg = Release|Any CPU
		{04EADA35-2692-4A52-944A-79B2CD8C9F6E}.Release|iPhone.Build.0 = Release|Any CPU
		{04EADA35-2692-4A52-944A-79B2CD8C9F6E}.Release|iPhone.Deploy.0 = Release|Any CPU
		{04EADA35-2692-4A52-944A-79B2CD8C9F6E}.Release|iPhoneSimulator.ActiveCfg = Release|Any CPU
		{04EADA35-2692-4A52-944A-79B2CD8C9F6E}.Release|iPhoneSimulator.Build.0 = Release|Any CPU
		{04EADA35-2692-4A52-944A-79B2CD8C9F6E}.Release|iPhoneSimulator.Deploy.0 = Release|Any CPU
	EndGlobalSection
	GlobalSection(SolutionProperties) = preSolution
		HideSolutionNode = FALSE
	EndGlobalSection
	GlobalSection(ExtensibilityGlobals) = postSolution
		SolutionGuid = {A6E37025-0F22-4373-8668-FDE4E2F189A1}
	EndGlobalSection
EndGlobal
